# This file is automatically @generated by Cargo.
# It is not intended for manual editing.
[[package]]
name = "byteorder"
version = "0.3.13"
source = "registry+https://github.com/rust-lang/crates.io-index"

[[package]]
name = "guisend"
version = "0.1.0"
dependencies = [
 "tinyosc 0.0.2 (registry+https://github.com/rust-lang/crates.io-index)",
]

[[package]]
name = "tinyosc"
version = "0.0.2"
source = "registry+https://github.com/rust-lang/crates.io-index"
dependencies = [
 "byteorder 0.3.13 (registry+https://github.com/rust-lang/crates.io-index)",
]

[metadata]
"checksum byteorder 0.3.13 (registry+https://github.com/rust-lang/crates.io-index)" = "29b2aa490a8f546381308d68fc79e6bd753cd3ad839f7a7172897f1feedfa175"
"checksum tinyosc 0.0.2 (registry+https://github.com/rust-lang/crates.io-index)" = "0fc383a13f4acf1352ac59b2e90d8bd1cf989f4cc44f0a21197e57d689c89aee"
